
Microsoft Visual Studio Solution File, Format Version 12.00
# Visual Studio Version 17
VisualStudioVersion = 17.5.33502.453
MinimumVisualStudioVersion = 10.0.40219.1
Project("{FAE04EC0-301F-11D3-BF4B-00C04F79EFBC}") = "WebApi.Api", "WebApi.Api\WebApi.Api.csproj", "{294F28F4-32BD-4A0A-96F9-C7AA570F32C2}"
EndProject
Project("{FAE04EC0-301F-11D3-BF4B-00C04F79EFBC}") = "WebApi.Application", "WebApi.Application\WebApi.Application.csproj", "{2B8F55B3-73AA-46E8-BCA0-ED22FF9C33A6}"
EndProject
Project("{FAE04EC0-301F-11D3-BF4B-00C04F79EFBC}") = "WebApi.Implementation", "WebApi.Implementation\WebApi.Implementation.csproj", "{88F061B2-0F78-49A3-A5AC-FA64BEBCF464}"
EndProject
Project("{FAE04EC0-301F-11D3-BF4B-00C04F79EFBC}") = "WebApi.DataAccess", "WebApi.DataAccess\WebApi.DataAccess.csproj", "{79C1927B-23C6-4802-9A4F-2000CA9AA88D}"
EndProject
Project("{FAE04EC0-301F-11D3-BF4B-00C04F79EFBC}") = "WebApi.Common", "WebApi.Common\WebApi.Common.csproj", "{ED09F2E8-96CB-4F4B-BFA6-6A1C7080A5FD}"
EndProject
Global
	GlobalSection(SolutionConfigurationPlatforms) = preSolution
		Debug|Any CPU = Debug|Any CPU
		Release|Any CPU = Release|Any CPU
	EndGlobalSection
	GlobalSection(ProjectConfigurationPlatforms) = postSolution
		{294F28F4-32BD-4A0A-96F9-C7AA570F32C2}.Debug|Any CPU.ActiveCfg = Debug|Any CPU
		{294F28F4-32BD-4A0A-96F9-C7AA570F32C2}.Debug|Any CPU.Build.0 = Debug|Any CPU
		{294F28F4-32BD-4A0A-96F9-C7AA570F32C2}.Release|Any CPU.ActiveCfg = Release|Any CPU
		{294F28F4-32BD-4A0A-96F9-C7AA570F32C2}.Release|Any CPU.Build.0 = Release|Any CPU
		{2B8F55B3-73AA-46E8-BCA0-ED22FF9C33A6}.Debug|Any CPU.ActiveCfg = Debug|Any CPU
		{2B8F55B3-73AA-46E8-BCA0-ED22FF9C33A6}.Debug|Any CPU.Build.0 = Debug|Any CPU
		{2B8F55B3-73AA-46E8-BCA0-ED22FF9C33A6}.Release|Any CPU.ActiveCfg = Release|Any CPU
		{2B8F55B3-73AA-46E8-BCA0-ED22FF9C33A6}.Release|Any CPU.Build.0 = Release|Any CPU
		{88F061B2-0F78-49A3-A5AC-FA64BEBCF464}.Debug|Any CPU.ActiveCfg = Debug|Any CPU
		{88F061B2-0F78-49A3-A5AC-FA64BEBCF464}.Debug|Any CPU.Build.0 = Debug|Any CPU
		{88F061B2-0F78-49A3-A5AC-FA64BEBCF464}.Release|Any CPU.ActiveCfg = Release|Any CPU
		{88F061B2-0F78-49A3-A5AC-FA64BEBCF464}.Release|Any CPU.Build.0 = Release|Any CPU
		{79C1927B-23C6-4802-9A4F-2000CA9AA88D}.Debug|Any CPU.ActiveCfg = Debug|Any CPU
		{79C1927B-23C6-4802-9A4F-2000CA9AA88D}.Debug|Any CPU.Build.0 = Debug|Any CPU
		{79C1927B-23C6-4802-9A4F-2000CA9AA88D}.Release|Any CPU.ActiveCfg = Release|Any CPU
		{79C1927B-23C6-4802-9A4F-2000CA9AA88D}.Release|Any CPU.Build.0 = Release|Any CPU
		{ED09F2E8-96CB-4F4B-BFA6-6A1C7080A5FD}.Debug|Any CPU.ActiveCfg = Debug|Any CPU
		{ED09F2E8-96CB-4F4B-BFA6-6A1C7080A5FD}.Debug|Any CPU.Build.0 = Debug|Any CPU
		{ED09F2E8-96CB-4F4B-BFA6-6A1C7080A5FD}.Release|Any CPU.ActiveCfg = Release|Any CPU
		{ED09F2E8-96CB-4F4B-BFA6-6A1C7080A5FD}.Release|Any CPU.Build.0 = Release|Any CPU
	EndGlobalSection
	GlobalSection(SolutionProperties) = preSolution
		HideSolutionNode = FALSE
	EndGlobalSection
	GlobalSection(ExtensibilityGlobals) = postSolution
		SolutionGuid = {7933639A-3A9C-4C5B-AF67-FDD20A692089}
	EndGlobalSection
EndGlobal
